<?xml version="1.0" encoding="utf-8"?>
<Project ToolsVersion="4.0" xmlns="http://schemas.microsoft.com/developer/msbuild/2003">
  <ItemGroup>
    <Filter Include="Source Files">
      <UniqueIdentifier>{4FC737F1-C7A5-4376-A066-2A32D752A2FF}</UniqueIdentifier>
      <Extensions>cpp;c;cc;cxx;c++;cppm;ixx;def;odl;idl;hpj;bat;asm;asmx</Extensions>
    </Filter>
    <Filter Include="Header Files">
      <UniqueIdentifier>{93995380-89BD-4b04-88EB-625FBE52EBFB}</UniqueIdentifier>
      <Extensions>h;hh;hpp;hxx;h++;hm;inl;inc;ipp;xsd</Extensions>
    </Filter>
    <Filter Include="Resource Files">
      <UniqueIdentifier>{67DA6AB6-F800-4c08-8B7A-83BB121AAD01}</UniqueIdentifier>
      <Extensions>rc;ico;cur;bmp;dlg;rc2;rct;bin;rgs;gif;jpg;jpeg;jpe;resx;tiff;tif;png;wav;mfcribbon-ms</Extensions>
    </Filter>
  </ItemGroup>
  <ItemGroup>
    <ClInclude Include="Game.h">
      <Filter>Header Files</Filter>
    </ClInclude>
    <ClInclude Include="RandGen.h">
      <Filter>Header Files</Filter>
    </ClInclude>
    <ClInclude Include="Armies\AlienArmy.h">
      <Filter>Header Files</Filter>
    </ClInclude>
    <ClInclude Include="Armies\Army.h">
      <Filter>Header Files</Filter>
    </ClInclude>
    <ClInclude Include="Armies\EarthArmy.h">
      <Filter>Header Files</Filter>
    </ClInclude>
    <ClInclude Include="DS\PriQueue.h">
      <Filter>Header Files</Filter>
    </ClInclude>
    <ClInclude Include="Units\AlienDrone.h">
      <Filter>Header Files</Filter>
    </ClInclude>
    <ClInclude Include="Units\AlienMonster.h">
      <Filter>Header Files</Filter>
    </ClInclude>
    <ClInclude Include="Units\AlienSoldier.h">
      <Filter>Header Files</Filter>
    </ClInclude>
    <ClInclude Include="Units\EarthGunnery.h">
      <Filter>Header Files</Filter>
    </ClInclude>
    <ClInclude Include="Units\EarthSoldier.h">
      <Filter>Header Files</Filter>
    </ClInclude>
    <ClInclude Include="Units\EarthTank.h">
      <Filter>Header Files</Filter>
    </ClInclude>
    <ClInclude Include="Units\Unit.h">
      <Filter>Header Files</Filter>
    </ClInclude>
    <ClInclude Include="DS\ArrayStack.h">
      <Filter>Header Files</Filter>
    </ClInclude>
    <ClInclude Include="DS\Deque.h">
      <Filter>Header Files</Filter>
    </ClInclude>
    <ClInclude Include="DS\LinkedQueue.h">
      <Filter>Header Files</Filter>
    </ClInclude>
    <ClInclude Include="DS\Node.h">
      <Filter>Header Files</Filter>
    </ClInclude>
    <ClInclude Include="DS\priNode.h">
      <Filter>Header Files</Filter>
    </ClInclude>
    <ClInclude Include="DS\QueueADT.h">
      <Filter>Header Files</Filter>
    </ClInclude>
    <ClInclude Include="DS\StackADT.h">
      <Filter>Header Files</Filter>
    </ClInclude>
    <ClInclude Include="DS\Array.h">
      <Filter>Header Files</Filter>
    </ClInclude>
    <ClInclude Include="Units\HealUnit.h">
      <Filter>Header Files</Filter>
    </ClInclude>
  </ItemGroup>
  <ItemGroup>
    <ClCompile Include="Game.cpp">
      <Filter>Source Files</Filter>
    </ClCompile>
    <ClCompile Include="RandGen.cpp">
      <Filter>Source Files</Filter>
    </ClCompile>
    <ClCompile Include="main.cpp">
      <Filter>Source Files</Filter>
    </ClCompile>
    <ClCompile Include="Armies\AlienArmy.cpp">
      <Filter>Source Files</Filter>
    </ClCompile>
    <ClCompile Include="Armies\Army.cpp">
      <Filter>Source Files</Filter>
    </ClCompile>
    <ClCompile Include="Armies\EarthArmy.cpp">
      <Filter>Source Files</Filter>
    </ClCompile>
    <ClCompile Include="Units\AlienDrone.cpp">
      <Filter>Source Files</Filter>
    </ClCompile>
    <ClCompile Include="Units\AlienMonster.cpp">
      <Filter>Source Files</Filter>
    </ClCompile>
    <ClCompile Include="Units\AlienSoldier.cpp">
      <Filter>Source Files</Filter>
    </ClCompile>
    <ClCompile Include="Units\EarthGunnery.cpp">
      <Filter>Source Files</Filter>
    </ClCompile>
    <ClCompile Include="Units\EarthSoldier.cpp">
      <Filter>Source Files</Filter>
    </ClCompile>
    <ClCompile Include="Units\EarthTank.cpp">
      <Filter>Source Files</Filter>
    </ClCompile>
    <ClCompile Include="Units\Unit.cpp">
      <Filter>Source Files</Filter>
    </ClCompile>
    <ClCompile Include="Units\HealUnit.cpp">
      <Filter>Source Files</Filter>
    </ClCompile>
  </ItemGroup>
  <ItemGroup>
    <Text Include="read.txt" />
  </ItemGroup>
</Project>